
Microsoft Visual Studio Solution File, Format Version 12.00
# Visual Studio Version 16
VisualStudioVersion = 16.0.30517.126
MinimumVisualStudioVersion = 10.0.40219.1
Project("{2150E333-8FDC-42A3-9474-1A3956D46DE8}") = "0Shamdev.TOA", "0Shamdev.TOA", "{B1D97F8F-EC0F-4611-AA9D-96DDC5E7F996}"
EndProject
Project("{9A19103F-16F7-4668-BE54-9A1E7A4F7556}") = "3Shamdev.TOA.BLL", "0Shamdev.TOA\TOA.BLL\3Shamdev.TOA.BLL.csproj", "{D2688308-4173-4B68-BD8A-C83B191F6F92}"
EndProject
Project("{9A19103F-16F7-4668-BE54-9A1E7A4F7556}") = "1Shamdev.TOA.Core.Data", "0Shamdev.TOA\TOA.Core.Data\1Shamdev.TOA.Core.Data.csproj", "{29908714-493F-47E8-A5DF-94027659E7D7}"
EndProject
Project("{9A19103F-16F7-4668-BE54-9A1E7A4F7556}") = "2Shamdev.TOA.DAL", "0Shamdev.TOA\TOA.DAL\2Shamdev.TOA.DAL.csproj", "{72115AED-B1B8-483C-9E34-C202AAD56FF1}"
EndProject
Project("{9A19103F-16F7-4668-BE54-9A1E7A4F7556}") = "4Shamdev.TOA.WEB", "0Shamdev.TOA\TOA.WEB\4Shamdev.TOA.WEB.csproj", "{3819FCC8-666F-4A72-812B-DEF02407C140}"
EndProject
Project("{2150E333-8FDC-42A3-9474-1A3956D46DE8}") = "1Example", "1Example", "{00AAE39A-5349-4653-ABB2-D8FB095996EF}"
EndProject
Project("{9A19103F-16F7-4668-BE54-9A1E7A4F7556}") = "Core.Data", "1Example\Core.Data\Core.Data.csproj", "{7235A60E-6ED3-4EFE-AE6A-4B41EC10DFA3}"
	ProjectSection(ProjectDependencies) = postProject
		{D2688308-4173-4B68-BD8A-C83B191F6F92} = {D2688308-4173-4B68-BD8A-C83B191F6F92}
		{3819FCC8-666F-4A72-812B-DEF02407C140} = {3819FCC8-666F-4A72-812B-DEF02407C140}
		{72115AED-B1B8-483C-9E34-C202AAD56FF1} = {72115AED-B1B8-483C-9E34-C202AAD56FF1}
	EndProjectSection
EndProject
Project("{9A19103F-16F7-4668-BE54-9A1E7A4F7556}") = "DAL.Common", "1Example\DAL.Common\DAL.Common.csproj", "{168CD81E-EFFB-4F11-BB6D-959939D45EB1}"
EndProject
Project("{9A19103F-16F7-4668-BE54-9A1E7A4F7556}") = "RegisterHouse", "1Example\RegisterHouse\RegisterHouse.csproj", "{6A3FF888-FC19-48D9-87B1-ACFEDCF46641}"
EndProject
Project("{9A19103F-16F7-4668-BE54-9A1E7A4F7556}") = "UnitTestProject", "0Shamdev.TOA\UnitTestProject\UnitTestProject.csproj", "{323B4CEF-3CD0-4619-A3B9-2EDC6489CCAD}"
EndProject
Project("{9A19103F-16F7-4668-BE54-9A1E7A4F7556}") = "BLL.Common", "1Example\BLL.Common\BLL.Common.csproj", "{408C530D-C42A-4C38-8462-EF5128200F4A}"
EndProject
Global
	GlobalSection(SolutionConfigurationPlatforms) = preSolution
		Debug|Any CPU = Debug|Any CPU
		Release|Any CPU = Release|Any CPU
	EndGlobalSection
	GlobalSection(ProjectConfigurationPlatforms) = postSolution
		{D2688308-4173-4B68-BD8A-C83B191F6F92}.Debug|Any CPU.ActiveCfg = Debug|Any CPU
		{D2688308-4173-4B68-BD8A-C83B191F6F92}.Debug|Any CPU.Build.0 = Debug|Any CPU
		{D2688308-4173-4B68-BD8A-C83B191F6F92}.Release|Any CPU.ActiveCfg = Release|Any CPU
		{D2688308-4173-4B68-BD8A-C83B191F6F92}.Release|Any CPU.Build.0 = Release|Any CPU
		{29908714-493F-47E8-A5DF-94027659E7D7}.Debug|Any CPU.ActiveCfg = Debug|Any CPU
		{29908714-493F-47E8-A5DF-94027659E7D7}.Debug|Any CPU.Build.0 = Debug|Any CPU
		{29908714-493F-47E8-A5DF-94027659E7D7}.Release|Any CPU.ActiveCfg = Release|Any CPU
		{29908714-493F-47E8-A5DF-94027659E7D7}.Release|Any CPU.Build.0 = Release|Any CPU
		{72115AED-B1B8-483C-9E34-C202AAD56FF1}.Debug|Any CPU.ActiveCfg = Debug|Any CPU
		{72115AED-B1B8-483C-9E34-C202AAD56FF1}.Debug|Any CPU.Build.0 = Debug|Any CPU
		{72115AED-B1B8-483C-9E34-C202AAD56FF1}.Release|Any CPU.ActiveCfg = Release|Any CPU
		{72115AED-B1B8-483C-9E34-C202AAD56FF1}.Release|Any CPU.Build.0 = Release|Any CPU
		{3819FCC8-666F-4A72-812B-DEF02407C140}.Debug|Any CPU.ActiveCfg = Debug|Any CPU
		{3819FCC8-666F-4A72-812B-DEF02407C140}.Debug|Any CPU.Build.0 = Debug|Any CPU
		{3819FCC8-666F-4A72-812B-DEF02407C140}.Release|Any CPU.ActiveCfg = Release|Any CPU
		{3819FCC8-666F-4A72-812B-DEF02407C140}.Release|Any CPU.Build.0 = Release|Any CPU
		{7235A60E-6ED3-4EFE-AE6A-4B41EC10DFA3}.Debug|Any CPU.ActiveCfg = Debug|Any CPU
		{7235A60E-6ED3-4EFE-AE6A-4B41EC10DFA3}.Debug|Any CPU.Build.0 = Debug|Any CPU
		{7235A60E-6ED3-4EFE-AE6A-4B41EC10DFA3}.Release|Any CPU.ActiveCfg = Release|Any CPU
		{7235A60E-6ED3-4EFE-AE6A-4B41EC10DFA3}.Release|Any CPU.Build.0 = Release|Any CPU
		{168CD81E-EFFB-4F11-BB6D-959939D45EB1}.Debug|Any CPU.ActiveCfg = Debug|Any CPU
		{168CD81E-EFFB-4F11-BB6D-959939D45EB1}.Debug|Any CPU.Build.0 = Debug|Any CPU
		{168CD81E-EFFB-4F11-BB6D-959939D45EB1}.Release|Any CPU.ActiveCfg = Release|Any CPU
		{168CD81E-EFFB-4F11-BB6D-959939D45EB1}.Release|Any CPU.Build.0 = Release|Any CPU
		{6A3FF888-FC19-48D9-87B1-ACFEDCF46641}.Debug|Any CPU.ActiveCfg = Debug|Any CPU
		{6A3FF888-FC19-48D9-87B1-ACFEDCF46641}.Debug|Any CPU.Build.0 = Debug|Any CPU
		{6A3FF888-FC19-48D9-87B1-ACFEDCF46641}.Release|Any CPU.ActiveCfg = Release|Any CPU
		{6A3FF888-FC19-48D9-87B1-ACFEDCF46641}.Release|Any CPU.Build.0 = Release|Any CPU
		{323B4CEF-3CD0-4619-A3B9-2EDC6489CCAD}.Debug|Any CPU.ActiveCfg = Debug|Any CPU
		{323B4CEF-3CD0-4619-A3B9-2EDC6489CCAD}.Debug|Any CPU.Build.0 = Debug|Any CPU
		{323B4CEF-3CD0-4619-A3B9-2EDC6489CCAD}.Release|Any CPU.ActiveCfg = Release|Any CPU
		{323B4CEF-3CD0-4619-A3B9-2EDC6489CCAD}.Release|Any CPU.Build.0 = Release|Any CPU
		{408C530D-C42A-4C38-8462-EF5128200F4A}.Debug|Any CPU.ActiveCfg = Debug|Any CPU
		{408C530D-C42A-4C38-8462-EF5128200F4A}.Debug|Any CPU.Build.0 = Debug|Any CPU
		{408C530D-C42A-4C38-8462-EF5128200F4A}.Release|Any CPU.ActiveCfg = Release|Any CPU
		{408C530D-C42A-4C38-8462-EF5128200F4A}.Release|Any CPU.Build.0 = Release|Any CPU
	EndGlobalSection
	GlobalSection(SolutionProperties) = preSolution
		HideSolutionNode = FALSE
	EndGlobalSection
	GlobalSection(NestedProjects) = preSolution
		{D2688308-4173-4B68-BD8A-C83B191F6F92} = {B1D97F8F-EC0F-4611-AA9D-96DDC5E7F996}
		{29908714-493F-47E8-A5DF-94027659E7D7} = {B1D97F8F-EC0F-4611-AA9D-96DDC5E7F996}
		{72115AED-B1B8-483C-9E34-C202AAD56FF1} = {B1D97F8F-EC0F-4611-AA9D-96DDC5E7F996}
		{3819FCC8-666F-4A72-812B-DEF02407C140} = {B1D97F8F-EC0F-4611-AA9D-96DDC5E7F996}
		{7235A60E-6ED3-4EFE-AE6A-4B41EC10DFA3} = {00AAE39A-5349-4653-ABB2-D8FB095996EF}
		{168CD81E-EFFB-4F11-BB6D-959939D45EB1} = {00AAE39A-5349-4653-ABB2-D8FB095996EF}
		{6A3FF888-FC19-48D9-87B1-ACFEDCF46641} = {00AAE39A-5349-4653-ABB2-D8FB095996EF}
		{323B4CEF-3CD0-4619-A3B9-2EDC6489CCAD} = {B1D97F8F-EC0F-4611-AA9D-96DDC5E7F996}
		{408C530D-C42A-4C38-8462-EF5128200F4A} = {00AAE39A-5349-4653-ABB2-D8FB095996EF}
	EndGlobalSection
	GlobalSection(ExtensibilityGlobals) = postSolution
		SolutionGuid = {F5575A85-AE47-4716-86FE-24D71E3AFAB4}
	EndGlobalSection
EndGlobal
